
Microsoft Visual Studio Solution File, Format Version 12.00
# Visual Studio Version 16
Project("{8BC9CEB8-8B4A-11D0-8D11-00A0C91BC942}") = "ALL_BUILD", "ALL_BUILD.vcxproj", "{6E9E4E5A-EAE5-3A8A-9D27-CCA64CD02025}"
	ProjectSection(ProjectDependencies) = postProject
		{8FFFEBF8-377B-37F4-9B61-B27DCA8284C9} = {8FFFEBF8-377B-37F4-9B61-B27DCA8284C9}
		{D7ECFDC5-54F9-369F-8104-4BB29136DFC0} = {D7ECFDC5-54F9-369F-8104-4BB29136DFC0}
		{9EE106DA-1CD2-3372-A83F-FD927EE0BDE7} = {9EE106DA-1CD2-3372-A83F-FD927EE0BDE7}
		{1E7EA437-F464-3897-9D6B-EDD690DF3730} = {1E7EA437-F464-3897-9D6B-EDD690DF3730}
		{20846E18-42E7-3E30-A3F3-40E8571952FD} = {20846E18-42E7-3E30-A3F3-40E8571952FD}
		{00848C1E-A147-34C5-9CA6-159DB61557A5} = {00848C1E-A147-34C5-9CA6-159DB61557A5}
	EndProjectSection
EndProject
Project("{8BC9CEB8-8B4A-11D0-8D11-00A0C91BC942}") = "ZERO_CHECK", "ZERO_CHECK.vcxproj", "{8FFFEBF8-377B-37F4-9B61-B27DCA8284C9}"
	ProjectSection(ProjectDependencies) = postProject
	EndProjectSection
EndProject
Project("{8BC9CEB8-8B4A-11D0-8D11-00A0C91BC942}") = "florisboard-native", "florisboard-native.vcxproj", "{D7ECFDC5-54F9-369F-8104-4BB29136DFC0}"
	ProjectSection(ProjectDependencies) = postProject
		{8FFFEBF8-377B-37F4-9B61-B27DCA8284C9} = {8FFFEBF8-377B-37F4-9B61-B27DCA8284C9}
		{9EE106DA-1CD2-3372-A83F-FD927EE0BDE7} = {9EE106DA-1CD2-3372-A83F-FD927EE0BDE7}
		{1E7EA437-F464-3897-9D6B-EDD690DF3730} = {1E7EA437-F464-3897-9D6B-EDD690DF3730}
		{20846E18-42E7-3E30-A3F3-40E8571952FD} = {20846E18-42E7-3E30-A3F3-40E8571952FD}
		{00848C1E-A147-34C5-9CA6-159DB61557A5} = {00848C1E-A147-34C5-9CA6-159DB61557A5}
	EndProjectSection
EndProject
Project("{8BC9CEB8-8B4A-11D0-8D11-00A0C91BC942}") = "ime-nlp", "ime\nlp\ime-nlp.vcxproj", "{9EE106DA-1CD2-3372-A83F-FD927EE0BDE7}"
	ProjectSection(ProjectDependencies) = postProject
		{8FFFEBF8-377B-37F4-9B61-B27DCA8284C9} = {8FFFEBF8-377B-37F4-9B61-B27DCA8284C9}
	EndProjectSection
EndProject
Project("{8BC9CEB8-8B4A-11D0-8D11-00A0C91BC942}") = "ime-spelling", "ime\spelling\ime-spelling.vcxproj", "{1E7EA437-F464-3897-9D6B-EDD690DF3730}"
	ProjectSection(ProjectDependencies) = postProject
		{8FFFEBF8-377B-37F4-9B61-B27DCA8284C9} = {8FFFEBF8-377B-37F4-9B61-B27DCA8284C9}
	EndProjectSection
EndProject
Project("{8BC9CEB8-8B4A-11D0-8D11-00A0C91BC942}") = "nuspell", "nuspell\nuspell.vcxproj", "{20846E18-42E7-3E30-A3F3-40E8571952FD}"
	ProjectSection(ProjectDependencies) = postProject
		{8FFFEBF8-377B-37F4-9B61-B27DCA8284C9} = {8FFFEBF8-377B-37F4-9B61-B27DCA8284C9}
	EndProjectSection
EndProject
Project("{8BC9CEB8-8B4A-11D0-8D11-00A0C91BC942}") = "utils", "utils\utils.vcxproj", "{00848C1E-A147-34C5-9CA6-159DB61557A5}"
	ProjectSection(ProjectDependencies) = postProject
		{8FFFEBF8-377B-37F4-9B61-B27DCA8284C9} = {8FFFEBF8-377B-37F4-9B61-B27DCA8284C9}
	EndProjectSection
EndProject
Global
	GlobalSection(SolutionConfigurationPlatforms) = preSolution
		Debug|x64 = Debug|x64
		Release|x64 = Release|x64
		MinSizeRel|x64 = MinSizeRel|x64
		RelWithDebInfo|x64 = RelWithDebInfo|x64
	EndGlobalSection
	GlobalSection(ProjectConfigurationPlatforms) = postSolution
		{6E9E4E5A-EAE5-3A8A-9D27-CCA64CD02025}.Debug|x64.ActiveCfg = Debug|x64
		{6E9E4E5A-EAE5-3A8A-9D27-CCA64CD02025}.Release|x64.ActiveCfg = Release|x64
		{6E9E4E5A-EAE5-3A8A-9D27-CCA64CD02025}.MinSizeRel|x64.ActiveCfg = MinSizeRel|x64
		{6E9E4E5A-EAE5-3A8A-9D27-CCA64CD02025}.RelWithDebInfo|x64.ActiveCfg = RelWithDebInfo|x64
		{8FFFEBF8-377B-37F4-9B61-B27DCA8284C9}.Debug|x64.ActiveCfg = Debug|x64
		{8FFFEBF8-377B-37F4-9B61-B27DCA8284C9}.Debug|x64.Build.0 = Debug|x64
		{8FFFEBF8-377B-37F4-9B61-B27DCA8284C9}.Release|x64.ActiveCfg = Release|x64
		{8FFFEBF8-377B-37F4-9B61-B27DCA8284C9}.Release|x64.Build.0 = Release|x64
		{8FFFEBF8-377B-37F4-9B61-B27DCA8284C9}.MinSizeRel|x64.ActiveCfg = MinSizeRel|x64
		{8FFFEBF8-377B-37F4-9B61-B27DCA8284C9}.MinSizeRel|x64.Build.0 = MinSizeRel|x64
		{8FFFEBF8-377B-37F4-9B61-B27DCA8284C9}.RelWithDebInfo|x64.ActiveCfg = RelWithDebInfo|x64
		{8FFFEBF8-377B-37F4-9B61-B27DCA8284C9}.RelWithDebInfo|x64.Build.0 = RelWithDebInfo|x64
		{D7ECFDC5-54F9-369F-8104-4BB29136DFC0}.Debug|x64.ActiveCfg = Debug|x64
		{D7ECFDC5-54F9-369F-8104-4BB29136DFC0}.Debug|x64.Build.0 = Debug|x64
		{D7ECFDC5-54F9-369F-8104-4BB29136DFC0}.Release|x64.ActiveCfg = Release|x64
		{D7ECFDC5-54F9-369F-8104-4BB29136DFC0}.Release|x64.Build.0 = Release|x64
		{D7ECFDC5-54F9-369F-8104-4BB29136DFC0}.MinSizeRel|x64.ActiveCfg = MinSizeRel|x64
		{D7ECFDC5-54F9-369F-8104-4BB29136DFC0}.MinSizeRel|x64.Build.0 = MinSizeRel|x64
		{D7ECFDC5-54F9-369F-8104-4BB29136DFC0}.RelWithDebInfo|x64.ActiveCfg = RelWithDebInfo|x64
		{D7ECFDC5-54F9-369F-8104-4BB29136DFC0}.RelWithDebInfo|x64.Build.0 = RelWithDebInfo|x64
		{9EE106DA-1CD2-3372-A83F-FD927EE0BDE7}.Debug|x64.ActiveCfg = Debug|x64
		{9EE106DA-1CD2-3372-A83F-FD927EE0BDE7}.Debug|x64.Build.0 = Debug|x64
		{9EE106DA-1CD2-3372-A83F-FD927EE0BDE7}.Release|x64.ActiveCfg = Release|x64
		{9EE106DA-1CD2-3372-A83F-FD927EE0BDE7}.Release|x64.Build.0 = Release|x64
		{9EE106DA-1CD2-3372-A83F-FD927EE0BDE7}.MinSizeRel|x64.ActiveCfg = MinSizeRel|x64
		{9EE106DA-1CD2-3372-A83F-FD927EE0BDE7}.MinSizeRel|x64.Build.0 = MinSizeRel|x64
		{9EE106DA-1CD2-3372-A83F-FD927EE0BDE7}.RelWithDebInfo|x64.ActiveCfg = RelWithDebInfo|x64
		{9EE106DA-1CD2-3372-A83F-FD927EE0BDE7}.RelWithDebInfo|x64.Build.0 = RelWithDebInfo|x64
		{1E7EA437-F464-3897-9D6B-EDD690DF3730}.Debug|x64.ActiveCfg = Debug|x64
		{1E7EA437-F464-3897-9D6B-EDD690DF3730}.Debug|x64.Build.0 = Debug|x64
		{1E7EA437-F464-3897-9D6B-EDD690DF3730}.Release|x64.ActiveCfg = Release|x64
		{1E7EA437-F464-3897-9D6B-EDD690DF3730}.Release|x64.Build.0 = Release|x64
		{1E7EA437-F464-3897-9D6B-EDD690DF3730}.MinSizeRel|x64.ActiveCfg = MinSizeRel|x64
		{1E7EA437-F464-3897-9D6B-EDD690DF3730}.MinSizeRel|x64.Build.0 = MinSizeRel|x64
		{1E7EA437-F464-3897-9D6B-EDD690DF3730}.RelWithDebInfo|x64.ActiveCfg = RelWithDebInfo|x64
		{1E7EA437-F464-3897-9D6B-EDD690DF3730}.RelWithDebInfo|x64.Build.0 = RelWithDebInfo|x64
		{20846E18-42E7-3E30-A3F3-40E8571952FD}.Debug|x64.ActiveCfg = Debug|x64
		{20846E18-42E7-3E30-A3F3-40E8571952FD}.Debug|x64.Build.0 = Debug|x64
		{20846E18-42E7-3E30-A3F3-40E8571952FD}.Release|x64.ActiveCfg = Release|x64
		{20846E18-42E7-3E30-A3F3-40E8571952FD}.Release|x64.Build.0 = Release|x64
		{20846E18-42E7-3E30-A3F3-40E8571952FD}.MinSizeRel|x64.ActiveCfg = MinSizeRel|x64
		{20846E18-42E7-3E30-A3F3-40E8571952FD}.MinSizeRel|x64.Build.0 = MinSizeRel|x64
		{20846E18-42E7-3E30-A3F3-40E8571952FD}.RelWithDebInfo|x64.ActiveCfg = RelWithDebInfo|x64
		{20846E18-42E7-3E30-A3F3-40E8571952FD}.RelWithDebInfo|x64.Build.0 = RelWithDebInfo|x64
		{00848C1E-A147-34C5-9CA6-159DB61557A5}.Debug|x64.ActiveCfg = Debug|x64
		{00848C1E-A147-34C5-9CA6-159DB61557A5}.Debug|x64.Build.0 = Debug|x64
		{00848C1E-A147-34C5-9CA6-159DB61557A5}.Release|x64.ActiveCfg = Release|x64
		{00848C1E-A147-34C5-9CA6-159DB61557A5}.Release|x64.Build.0 = Release|x64
		{00848C1E-A147-34C5-9CA6-159DB61557A5}.MinSizeRel|x64.ActiveCfg = MinSizeRel|x64
		{00848C1E-A147-34C5-9CA6-159DB61557A5}.MinSizeRel|x64.Build.0 = MinSizeRel|x64
		{00848C1E-A147-34C5-9CA6-159DB61557A5}.RelWithDebInfo|x64.ActiveCfg = RelWithDebInfo|x64
		{00848C1E-A147-34C5-9CA6-159DB61557A5}.RelWithDebInfo|x64.Build.0 = RelWithDebInfo|x64
	EndGlobalSection
	GlobalSection(ExtensibilityGlobals) = postSolution
		SolutionGuid = {7DDDCF67-8FD5-32C8-B86E-44ADDF087971}
	EndGlobalSection
	GlobalSection(ExtensibilityAddIns) = postSolution
	EndGlobalSection
EndGlobal
